
Microsoft Visual Studio Solution File, Format Version 12.00
# Visual Studio 15
VisualStudioVersion = 15.0.28307.1738
MinimumVisualStudioVersion = 10.0.40219.1
Project("{FAE04EC0-301F-11D3-BF4B-00C04F79EFBC}") = "ShopM", "ShopM\ShopM.csproj", "{7B37D29C-CA69-492A-B713-D89590A7F1F3}"
EndProject
Global
	GlobalSection(SolutionConfigurationPlatforms) = preSolution
		Debug|Any CPU = Debug|Any CPU
		Release|Any CPU = Release|Any CPU
	EndGlobalSection
	GlobalSection(ProjectConfigurationPlatforms) = postSolution
		{7B37D29C-CA69-492A-B713-D89590A7F1F3}.Debug|Any CPU.ActiveCfg = Debug|Any CPU
		{7B37D29C-CA69-492A-B713-D89590A7F1F3}.Debug|Any CPU.Build.0 = Debug|Any CPU
		{7B37D29C-CA69-492A-B713-D89590A7F1F3}.Release|Any CPU.ActiveCfg = Release|Any CPU
		{7B37D29C-CA69-492A-B713-D89590A7F1F3}.Release|Any CPU.Build.0 = Release|Any CPU
	EndGlobalSection
	GlobalSection(SolutionProperties) = preSolution
		HideSolutionNode = FALSE
	EndGlobalSection
	GlobalSection(ExtensibilityGlobals) = postSolution
		SolutionGuid = {D268E82A-1B38-4106-8EA8-DE87D32F16EF}
	EndGlobalSection
EndGlobal
